
Microsoft Visual Studio Solution File, Format Version 12.00
# Visual Studio Version 17
VisualStudioVersion = 17.5.002.0
MinimumVisualStudioVersion = 10.0.40219.1
Project("{2150E333-8FDC-42A3-9474-1A3956D46DE8}") = "sandbox", "sandbox", "{BD365933-DF45-45F8-B986-C510D55B923C}"
EndProject
Project("{9A19103F-16F7-4668-BE54-9A1E7A4F7556}") = "sandbox_project", "sandbox\sandbox_project\sandbox_project.csproj", "{8DF90E5A-7980-4054-A834-47F0469CC08C}"
EndProject
Project("{2150E333-8FDC-42A3-9474-1A3956D46DE8}") = "week01", "week01", "{7445CAF0-79C0-4CB9-8AB9-222AA4A68412}"
EndProject
Project("{9A19103F-16F7-4668-BE54-9A1E7A4F7556}") = "analyze", "week01\analyze\analyze.csproj", "{1CE91829-C45A-47D0-ADF6-D4743C93A063}"
EndProject
Project("{9A19103F-16F7-4668-BE54-9A1E7A4F7556}") = "code", "week01\code\code.csproj", "{E7AA8473-CE20-4E56-80B8-9ED7CF2C85B6}"
EndProject
Project("{9A19103F-16F7-4668-BE54-9A1E7A4F7556}") = "teach", "week01\teach\teach.csproj", "{4333C2CF-7BBC-45A8-940E-28F7AA3A8D1F}"
EndProject
Project("{2150E333-8FDC-42A3-9474-1A3956D46DE8}") = "week02", "week02", "{447CBE46-DB74-4BA9-AA49-C2166FA1B952}"
EndProject
Project("{9A19103F-16F7-4668-BE54-9A1E7A4F7556}") = "analyze", "week02\analyze\analyze.csproj", "{9FD8F247-F47A-4826-B8E0-801044DF92B9}"
EndProject
Project("{9A19103F-16F7-4668-BE54-9A1E7A4F7556}") = "code", "week02\code\code.csproj", "{AF4A7BB8-60F0-49FE-939B-D7B0FC7525F3}"
EndProject
Project("{9A19103F-16F7-4668-BE54-9A1E7A4F7556}") = "learn", "week02\learn\learn.csproj", "{02121F73-179B-47DE-A71D-382AA6C6C97C}"
EndProject
Project("{9A19103F-16F7-4668-BE54-9A1E7A4F7556}") = "teach", "week02\teach\teach.csproj", "{FF95FA8C-F83D-4566-A0E4-B359BC1E49DE}"
EndProject
Project("{2150E333-8FDC-42A3-9474-1A3956D46DE8}") = "week03", "week03", "{9127043B-3E20-4AB8-84DE-79D5215498F2}"
EndProject
Project("{9A19103F-16F7-4668-BE54-9A1E7A4F7556}") = "code", "week03\code\code.csproj", "{78062F36-A070-4D1B-BCA5-0DB77D3D3FC7}"
EndProject
Project("{9A19103F-16F7-4668-BE54-9A1E7A4F7556}") = "learn", "week03\learn\learn.csproj", "{EAD08F54-B742-46D3-AD02-E61DCC7F9303}"
EndProject
Project("{9A19103F-16F7-4668-BE54-9A1E7A4F7556}") = "teach", "week03\teach\teach.csproj", "{4B9A1EDD-3E33-4FBE-91C7-D6EE6B3C918A}"
EndProject
Project("{2150E333-8FDC-42A3-9474-1A3956D46DE8}") = "week04", "week04", "{98F12C16-AEF6-43D9-883F-8D5629DAE78D}"
EndProject
Project("{9A19103F-16F7-4668-BE54-9A1E7A4F7556}") = "code", "week04\code\code.csproj", "{B5381503-7920-49C2-80B6-52C16D0828D3}"
EndProject
Project("{2150E333-8FDC-42A3-9474-1A3956D46DE8}") = "week05", "week05", "{9C0E2C69-FB89-449D-BA3C-F1B1B819AA1B}"
EndProject
Project("{9A19103F-16F7-4668-BE54-9A1E7A4F7556}") = "code", "week05\code\code.csproj", "{8D0E6296-D9E6-4A04-8AB5-71E0746193B7}"
EndProject
Project("{2150E333-8FDC-42A3-9474-1A3956D46DE8}") = "week06", "week06", "{575D781E-5346-4D36-9116-D2567B973BB5}"
EndProject
Project("{9A19103F-16F7-4668-BE54-9A1E7A4F7556}") = "code", "week06\code\code.csproj", "{61E30C4C-6FB3-4C0B-9458-8F3291A8E24E}"
EndProject
Global
	GlobalSection(SolutionConfigurationPlatforms) = preSolution
		Debug|Any CPU = Debug|Any CPU
		Release|Any CPU = Release|Any CPU
	EndGlobalSection
	GlobalSection(ProjectConfigurationPlatforms) = postSolution
		{8DF90E5A-7980-4054-A834-47F0469CC08C}.Debug|Any CPU.ActiveCfg = Debug|Any CPU
		{8DF90E5A-7980-4054-A834-47F0469CC08C}.Debug|Any CPU.Build.0 = Debug|Any CPU
		{8DF90E5A-7980-4054-A834-47F0469CC08C}.Release|Any CPU.ActiveCfg = Release|Any CPU
		{8DF90E5A-7980-4054-A834-47F0469CC08C}.Release|Any CPU.Build.0 = Release|Any CPU
		{1CE91829-C45A-47D0-ADF6-D4743C93A063}.Debug|Any CPU.ActiveCfg = Debug|Any CPU
		{1CE91829-C45A-47D0-ADF6-D4743C93A063}.Debug|Any CPU.Build.0 = Debug|Any CPU
		{1CE91829-C45A-47D0-ADF6-D4743C93A063}.Release|Any CPU.ActiveCfg = Release|Any CPU
		{1CE91829-C45A-47D0-ADF6-D4743C93A063}.Release|Any CPU.Build.0 = Release|Any CPU
		{E7AA8473-CE20-4E56-80B8-9ED7CF2C85B6}.Debug|Any CPU.ActiveCfg = Debug|Any CPU
		{E7AA8473-CE20-4E56-80B8-9ED7CF2C85B6}.Debug|Any CPU.Build.0 = Debug|Any CPU
		{E7AA8473-CE20-4E56-80B8-9ED7CF2C85B6}.Release|Any CPU.ActiveCfg = Release|Any CPU
		{E7AA8473-CE20-4E56-80B8-9ED7CF2C85B6}.Release|Any CPU.Build.0 = Release|Any CPU
		{4333C2CF-7BBC-45A8-940E-28F7AA3A8D1F}.Debug|Any CPU.ActiveCfg = Debug|Any CPU
		{4333C2CF-7BBC-45A8-940E-28F7AA3A8D1F}.Debug|Any CPU.Build.0 = Debug|Any CPU
		{4333C2CF-7BBC-45A8-940E-28F7AA3A8D1F}.Release|Any CPU.ActiveCfg = Release|Any CPU
		{4333C2CF-7BBC-45A8-940E-28F7AA3A8D1F}.Release|Any CPU.Build.0 = Release|Any CPU
		{9FD8F247-F47A-4826-B8E0-801044DF92B9}.Debug|Any CPU.ActiveCfg = Debug|Any CPU
		{9FD8F247-F47A-4826-B8E0-801044DF92B9}.Debug|Any CPU.Build.0 = Debug|Any CPU
		{9FD8F247-F47A-4826-B8E0-801044DF92B9}.Release|Any CPU.ActiveCfg = Release|Any CPU
		{9FD8F247-F47A-4826-B8E0-801044DF92B9}.Release|Any CPU.Build.0 = Release|Any CPU
		{AF4A7BB8-60F0-49FE-939B-D7B0FC7525F3}.Debug|Any CPU.ActiveCfg = Debug|Any CPU
		{AF4A7BB8-60F0-49FE-939B-D7B0FC7525F3}.Debug|Any CPU.Build.0 = Debug|Any CPU
		{AF4A7BB8-60F0-49FE-939B-D7B0FC7525F3}.Release|Any CPU.ActiveCfg = Release|Any CPU
		{AF4A7BB8-60F0-49FE-939B-D7B0FC7525F3}.Release|Any CPU.Build.0 = Release|Any CPU
		{02121F73-179B-47DE-A71D-382AA6C6C97C}.Debug|Any CPU.ActiveCfg = Debug|Any CPU
		{02121F73-179B-47DE-A71D-382AA6C6C97C}.Debug|Any CPU.Build.0 = Debug|Any CPU
		{02121F73-179B-47DE-A71D-382AA6C6C97C}.Release|Any CPU.ActiveCfg = Release|Any CPU
		{02121F73-179B-47DE-A71D-382AA6C6C97C}.Release|Any CPU.Build.0 = Release|Any CPU
		{FF95FA8C-F83D-4566-A0E4-B359BC1E49DE}.Debug|Any CPU.ActiveCfg = Debug|Any CPU
		{FF95FA8C-F83D-4566-A0E4-B359BC1E49DE}.Debug|Any CPU.Build.0 = Debug|Any CPU
		{FF95FA8C-F83D-4566-A0E4-B359BC1E49DE}.Release|Any CPU.ActiveCfg = Release|Any CPU
		{FF95FA8C-F83D-4566-A0E4-B359BC1E49DE}.Release|Any CPU.Build.0 = Release|Any CPU
		{78062F36-A070-4D1B-BCA5-0DB77D3D3FC7}.Debug|Any CPU.ActiveCfg = Debug|Any CPU
		{78062F36-A070-4D1B-BCA5-0DB77D3D3FC7}.Debug|Any CPU.Build.0 = Debug|Any CPU
		{78062F36-A070-4D1B-BCA5-0DB77D3D3FC7}.Release|Any CPU.ActiveCfg = Release|Any CPU
		{78062F36-A070-4D1B-BCA5-0DB77D3D3FC7}.Release|Any CPU.Build.0 = Release|Any CPU
		{EAD08F54-B742-46D3-AD02-E61DCC7F9303}.Debug|Any CPU.ActiveCfg = Debug|Any CPU
		{EAD08F54-B742-46D3-AD02-E61DCC7F9303}.Debug|Any CPU.Build.0 = Debug|Any CPU
		{EAD08F54-B742-46D3-AD02-E61DCC7F9303}.Release|Any CPU.ActiveCfg = Release|Any CPU
		{EAD08F54-B742-46D3-AD02-E61DCC7F9303}.Release|Any CPU.Build.0 = Release|Any CPU
		{4B9A1EDD-3E33-4FBE-91C7-D6EE6B3C918A}.Debug|Any CPU.ActiveCfg = Debug|Any CPU
		{4B9A1EDD-3E33-4FBE-91C7-D6EE6B3C918A}.Debug|Any CPU.Build.0 = Debug|Any CPU
		{4B9A1EDD-3E33-4FBE-91C7-D6EE6B3C918A}.Release|Any CPU.ActiveCfg = Release|Any CPU
		{4B9A1EDD-3E33-4FBE-91C7-D6EE6B3C918A}.Release|Any CPU.Build.0 = Release|Any CPU
		{B5381503-7920-49C2-80B6-52C16D0828D3}.Debug|Any CPU.ActiveCfg = Debug|Any CPU
		{B5381503-7920-49C2-80B6-52C16D0828D3}.Debug|Any CPU.Build.0 = Debug|Any CPU
		{B5381503-7920-49C2-80B6-52C16D0828D3}.Release|Any CPU.ActiveCfg = Release|Any CPU
		{B5381503-7920-49C2-80B6-52C16D0828D3}.Release|Any CPU.Build.0 = Release|Any CPU
		{8D0E6296-D9E6-4A04-8AB5-71E0746193B7}.Debug|Any CPU.ActiveCfg = Debug|Any CPU
		{8D0E6296-D9E6-4A04-8AB5-71E0746193B7}.Debug|Any CPU.Build.0 = Debug|Any CPU
		{8D0E6296-D9E6-4A04-8AB5-71E0746193B7}.Release|Any CPU.ActiveCfg = Release|Any CPU
		{8D0E6296-D9E6-4A04-8AB5-71E0746193B7}.Release|Any CPU.Build.0 = Release|Any CPU
		{61E30C4C-6FB3-4C0B-9458-8F3291A8E24E}.Debug|Any CPU.ActiveCfg = Debug|Any CPU
		{61E30C4C-6FB3-4C0B-9458-8F3291A8E24E}.Debug|Any CPU.Build.0 = Debug|Any CPU
		{61E30C4C-6FB3-4C0B-9458-8F3291A8E24E}.Release|Any CPU.ActiveCfg = Release|Any CPU
		{61E30C4C-6FB3-4C0B-9458-8F3291A8E24E}.Release|Any CPU.Build.0 = Release|Any CPU
	EndGlobalSection
	GlobalSection(SolutionProperties) = preSolution
		HideSolutionNode = FALSE
	EndGlobalSection
	GlobalSection(NestedProjects) = preSolution
		{8DF90E5A-7980-4054-A834-47F0469CC08C} = {BD365933-DF45-45F8-B986-C510D55B923C}
		{1CE91829-C45A-47D0-ADF6-D4743C93A063} = {7445CAF0-79C0-4CB9-8AB9-222AA4A68412}
		{E7AA8473-CE20-4E56-80B8-9ED7CF2C85B6} = {7445CAF0-79C0-4CB9-8AB9-222AA4A68412}
		{4333C2CF-7BBC-45A8-940E-28F7AA3A8D1F} = {7445CAF0-79C0-4CB9-8AB9-222AA4A68412}
		{9FD8F247-F47A-4826-B8E0-801044DF92B9} = {447CBE46-DB74-4BA9-AA49-C2166FA1B952}
		{AF4A7BB8-60F0-49FE-939B-D7B0FC7525F3} = {447CBE46-DB74-4BA9-AA49-C2166FA1B952}
		{02121F73-179B-47DE-A71D-382AA6C6C97C} = {447CBE46-DB74-4BA9-AA49-C2166FA1B952}
		{FF95FA8C-F83D-4566-A0E4-B359BC1E49DE} = {447CBE46-DB74-4BA9-AA49-C2166FA1B952}
		{78062F36-A070-4D1B-BCA5-0DB77D3D3FC7} = {9127043B-3E20-4AB8-84DE-79D5215498F2}
		{EAD08F54-B742-46D3-AD02-E61DCC7F9303} = {9127043B-3E20-4AB8-84DE-79D5215498F2}
		{4B9A1EDD-3E33-4FBE-91C7-D6EE6B3C918A} = {9127043B-3E20-4AB8-84DE-79D5215498F2}
		{B5381503-7920-49C2-80B6-52C16D0828D3} = {98F12C16-AEF6-43D9-883F-8D5629DAE78D}
		{8D0E6296-D9E6-4A04-8AB5-71E0746193B7} = {9C0E2C69-FB89-449D-BA3C-F1B1B819AA1B}
		{61E30C4C-6FB3-4C0B-9458-8F3291A8E24E} = {575D781E-5346-4D36-9116-D2567B973BB5}
	EndGlobalSection
	GlobalSection(ExtensibilityGlobals) = postSolution
		SolutionGuid = {0891C88B-2184-499A-8F94-8735DDE5451F}
	EndGlobalSection
EndGlobal
